// !$*UTF8*$!
{
	archiveVersion = 1;
	classes = {
	};
	objectVersion = 56;
	objects = {

/* Begin PBXBuildFile section */
		FE07D1132B367FEF008036AC /* AoCSolution4.cpp in Sources */ = {isa = PBXBuildFile; fileRef = FE07D1122B367FEF008036AC /* AoCSolution4.cpp */; };
		FEC18D212B30E77C007573B4 /* main.cpp in Sources */ = {isa = PBXBuildFile; fileRef = FEC18D202B30E77C007573B4 /* main.cpp */; };
		FEC18D292B30E811007573B4 /* AoCHelpers.cpp in Sources */ = {isa = PBXBuildFile; fileRef = FEC18D272B30E811007573B4 /* AoCHelpers.cpp */; };
		FEC18D2D2B30EA0D007573B4 /* AoCSolution1.cpp in Sources */ = {isa = PBXBuildFile; fileRef = FEC18D2C2B30EA0D007573B4 /* AoCSolution1.cpp */; };
		FEC18D352B31050A007573B4 /* AoCSolution2.cpp in Sources */ = {isa = PBXBuildFile; fileRef = FEC18D342B31050A007573B4 /* AoCSolution2.cpp */; };
		FEC18D3B2B3117D4007573B4 /* AoCSolution3.cpp in Sources */ = {isa = PBXBuildFile; fileRef = FEC18D3A2B3117D4007573B4 /* AoCSolution3.cpp */; };
/* End PBXBuildFile section */

/* Begin PBXCopyFilesBuildPhase section */
		FEC18D302B30F02F007573B4 /* CopyFiles */ = {
			isa = PBXCopyFilesBuildPhase;
			buildActionMask = 2147483647;
			dstPath = "";
			dstSubfolderSpec = 7;
			files = (
			);
			runOnlyForDeploymentPostprocessing = 0;
		};
/* End PBXCopyFilesBuildPhase section */

/* Begin PBXFileReference section */
		FE07D1112B367FEF008036AC /* AoCSolution4.h */ = {isa = PBXFileReference; fileEncoding = 4; lastKnownFileType = sourcecode.c.h; path = AoCSolution4.h; sourceTree = "<group>"; };
		FE07D1122B367FEF008036AC /* AoCSolution4.cpp */ = {isa = PBXFileReference; fileEncoding = 4; lastKnownFileType = sourcecode.cpp.cpp; path = AoCSolution4.cpp; sourceTree = "<group>"; };
		FE6815FF2B373EFF0056595E /* 4.txt */ = {isa = PBXFileReference; fileEncoding = 4; lastKnownFileType = text; path = 4.txt; sourceTree = "<group>"; };
		FE6816002B373EFF0056595E /* 1.txt */ = {isa = PBXFileReference; fileEncoding = 4; lastKnownFileType = text; path = 1.txt; sourceTree = "<group>"; };
		FE6816012B373EFF0056595E /* 3.txt */ = {isa = PBXFileReference; fileEncoding = 4; lastKnownFileType = text; path = 3.txt; sourceTree = "<group>"; };
		FE6816022B373EFF0056595E /* 2.txt */ = {isa = PBXFileReference; fileEncoding = 4; lastKnownFileType = text; path = 2.txt; sourceTree = "<group>"; };
		FEC18D1D2B30E77C007573B4 /* AoC2023 */ = {isa = PBXFileReference; explicitFileType = "compiled.mach-o.executable"; includeInIndex = 0; path = AoC2023; sourceTree = BUILT_PRODUCTS_DIR; };
		FEC18D202B30E77C007573B4 /* main.cpp */ = {isa = PBXFileReference; lastKnownFileType = sourcecode.cpp.cpp; path = main.cpp; sourceTree = "<group>"; };
		FEC18D272B30E811007573B4 /* AoCHelpers.cpp */ = {isa = PBXFileReference; lastKnownFileType = sourcecode.cpp.cpp; path = AoCHelpers.cpp; sourceTree = "<group>"; };
		FEC18D282B30E811007573B4 /* AoCHelpers.h */ = {isa = PBXFileReference; lastKnownFileType = sourcecode.c.h; path = AoCHelpers.h; sourceTree = "<group>"; };
		FEC18D2B2B30E9B9007573B4 /* AoCSolution1.h */ = {isa = PBXFileReference; lastKnownFileType = sourcecode.c.h; path = AoCSolution1.h; sourceTree = "<group>"; };
		FEC18D2C2B30EA0D007573B4 /* AoCSolution1.cpp */ = {isa = PBXFileReference; lastKnownFileType = sourcecode.cpp.cpp; path = AoCSolution1.cpp; sourceTree = "<group>"; };
		FEC18D332B31050A007573B4 /* AoCSolution2.h */ = {isa = PBXFileReference; fileEncoding = 4; lastKnownFileType = sourcecode.c.h; path = AoCSolution2.h; sourceTree = "<group>"; };
		FEC18D342B31050A007573B4 /* AoCSolution2.cpp */ = {isa = PBXFileReference; fileEncoding = 4; lastKnownFileType = sourcecode.cpp.cpp; path = AoCSolution2.cpp; sourceTree = "<group>"; };
		FEC18D392B3117D4007573B4 /* AoCSolution3.h */ = {isa = PBXFileReference; fileEncoding = 4; lastKnownFileType = sourcecode.c.h; path = AoCSolution3.h; sourceTree = "<group>"; };
		FEC18D3A2B3117D4007573B4 /* AoCSolution3.cpp */ = {isa = PBXFileReference; fileEncoding = 4; lastKnownFileType = sourcecode.cpp.cpp; path = AoCSolution3.cpp; sourceTree = "<group>"; };
/* End PBXFileReference section */

/* Begin PBXFrameworksBuildPhase section */
		FEC18D1A2B30E77C007573B4 /* Frameworks */ = {
			isa = PBXFrameworksBuildPhase;
			buildActionMask = 2147483647;
			files = (
			);
			runOnlyForDeploymentPostprocessing = 0;
		};
/* End PBXFrameworksBuildPhase section */

/* Begin PBXGroup section */
		FE6815FC2B373D120056595E /* Source */ = {
			isa = PBXGroup;
			children = (
				FE6815FE2B373D700056595E /* Solutions */,
				FE6815FD2B373D560056595E /* Helpers */,
			);
			path = Source;
			sourceTree = "<group>";
		};
		FE6815FD2B373D560056595E /* Helpers */ = {
			isa = PBXGroup;
			children = (
				FEC18D272B30E811007573B4 /* AoCHelpers.cpp */,
				FEC18D282B30E811007573B4 /* AoCHelpers.h */,
			);
			path = Helpers;
			sourceTree = "<group>";
		};
		FE6815FE2B373D700056595E /* Solutions */ = {
			isa = PBXGroup;
			children = (
				FEC18D2C2B30EA0D007573B4 /* AoCSolution1.cpp */,
				FEC18D2B2B30E9B9007573B4 /* AoCSolution1.h */,
				FE07D1122B367FEF008036AC /* AoCSolution4.cpp */,
				FE07D1112B367FEF008036AC /* AoCSolution4.h */,
				FEC18D3A2B3117D4007573B4 /* AoCSolution3.cpp */,
				FEC18D392B3117D4007573B4 /* AoCSolution3.h */,
				FEC18D342B31050A007573B4 /* AoCSolution2.cpp */,
				FEC18D332B31050A007573B4 /* AoCSolution2.h */,
			);
			path = Solutions;
			sourceTree = "<group>";
		};
		FEC18D142B30E77C007573B4 = {
			isa = PBXGroup;
			children = (
				FEC18D1F2B30E77C007573B4 /* AoC2023 */,
				FEC18D1E2B30E77C007573B4 /* Products */,
			);
			sourceTree = "<group>";
		};
		FEC18D1E2B30E77C007573B4 /* Products */ = {
			isa = PBXGroup;
			children = (
				FEC18D1D2B30E77C007573B4 /* AoC2023 */,
			);
			name = Products;
			sourceTree = "<group>";
		};
		FEC18D1F2B30E77C007573B4 /* AoC2023 */ = {
			isa = PBXGroup;
			children = (
				FEC18D2E2B30EA3D007573B4 /* Input */,
				FE6815FC2B373D120056595E /* Source */,
				FEC18D202B30E77C007573B4 /* main.cpp */,
			);
			path = AoC2023;
			sourceTree = "<group>";
		};
		FEC18D2E2B30EA3D007573B4 /* Input */ = {
			isa = PBXGroup;
			children = (
				FE6816002B373EFF0056595E /* 1.txt */,
				FE6816022B373EFF0056595E /* 2.txt */,
				FE6816012B373EFF0056595E /* 3.txt */,
				FE6815FF2B373EFF0056595E /* 4.txt */,
			);
			path = Input;
			sourceTree = "<group>";
		};
/* End PBXGroup section */

/* Begin PBXNativeTarget section */
		FEC18D1C2B30E77C007573B4 /* AoC2023 */ = {
			isa = PBXNativeTarget;
			buildConfigurationList = FEC18D242B30E77C007573B4 /* Build configuration list for PBXNativeTarget "AoC2023" */;
			buildPhases = (
				FEC18D192B30E77C007573B4 /* Sources */,
				FEC18D1A2B30E77C007573B4 /* Frameworks */,
				FEC18D302B30F02F007573B4 /* CopyFiles */,
			);
			buildRules = (
			);
			dependencies = (
			);
			name = AoC2023;
			productName = AoC2023;
			productReference = FEC18D1D2B30E77C007573B4 /* AoC2023 */;
			productType = "com.apple.product-type.tool";
		};
/* End PBXNativeTarget section */

/* Begin PBXProject section */
		FEC18D152B30E77C007573B4 /* Project object */ = {
			isa = PBXProject;
			attributes = {
				BuildIndependentTargetsInParallel = 1;
				LastUpgradeCheck = 1420;
				TargetAttributes = {
					FEC18D1C2B30E77C007573B4 = {
						CreatedOnToolsVersion = 14.2;
					};
				};
			};
			buildConfigurationList = FEC18D182B30E77C007573B4 /* Build configuration list for PBXProject "AoC2023" */;
			compatibilityVersion = "Xcode 14.0";
			developmentRegion = en;
			hasScannedForEncodings = 0;
			knownRegions = (
				en,
				Base,
			);
			mainGroup = FEC18D142B30E77C007573B4;
			productRefGroup = FEC18D1E2B30E77C007573B4 /* Products */;
			projectDirPath = "";
			projectRoot = "";
			targets = (
				FEC18D1C2B30E77C007573B4 /* AoC2023 */,
			);
		};
/* End PBXProject section */

/* Begin PBXSourcesBuildPhase section */
		FEC18D192B30E77C007573B4 /* Sources */ = {
			isa = PBXSourcesBuildPhase;
			buildActionMask = 2147483647;
			files = (
				FEC18D212B30E77C007573B4 /* main.cpp in Sources */,
				FE07D1132B367FEF008036AC /* AoCSolution4.cpp in Sources */,
				FEC18D3B2B3117D4007573B4 /* AoCSolution3.cpp in Sources */,
				FEC18D2D2B30EA0D007573B4 /* AoCSolution1.cpp in Sources */,
				FEC18D292B30E811007573B4 /* AoCHelpers.cpp in Sources */,
				FEC18D352B31050A007573B4 /* AoCSolution2.cpp in Sources */,
			);
			runOnlyForDeploymentPostprocessing = 0;
		};
/* End PBXSourcesBuildPhase section */

/* Begin XCBuildConfiguration section */
		FEC18D222B30E77C007573B4 /* Debug */ = {
			isa = XCBuildConfiguration;
			buildSettings = {
				ALWAYS_SEARCH_USER_PATHS = NO;
				CLANG_ANALYZER_NONNULL = YES;
				CLANG_ANALYZER_NUMBER_OBJECT_CONVERSION = YES_AGGRESSIVE;
				CLANG_CXX_LANGUAGE_STANDARD = "gnu++20";
				CLANG_ENABLE_MODULES = YES;
				CLANG_ENABLE_OBJC_ARC = YES;
				CLANG_ENABLE_OBJC_WEAK = YES;
				CLANG_WARN_BLOCK_CAPTURE_AUTORELEASING = YES;
				CLANG_WARN_BOOL_CONVERSION = YES;
				CLANG_WARN_COMMA = YES;
				CLANG_WARN_CONSTANT_CONVERSION = YES;
				CLANG_WARN_DEPRECATED_OBJC_IMPLEMENTATIONS = YES;
				CLANG_WARN_DIRECT_OBJC_ISA_USAGE = YES_ERROR;
				CLANG_WARN_DOCUMENTATION_COMMENTS = YES;
				CLANG_WARN_EMPTY_BODY = YES;
				CLANG_WARN_ENUM_CONVERSION = YES;
				CLANG_WARN_INFINITE_RECURSION = YES;
				CLANG_WARN_INT_CONVERSION = YES;
				CLANG_WARN_NON_LITERAL_NULL_CONVERSION = YES;
				CLANG_WARN_OBJC_IMPLICIT_RETAIN_SELF = YES;
				CLANG_WARN_OBJC_LITERAL_CONVERSION = YES;
				CLANG_WARN_OBJC_ROOT_CLASS = YES_ERROR;
				CLANG_WARN_QUOTED_INCLUDE_IN_FRAMEWORK_HEADER = YES;
				CLANG_WARN_RANGE_LOOP_ANALYSIS = YES;
				CLANG_WARN_STRICT_PROTOTYPES = YES;
				CLANG_WARN_SUSPICIOUS_MOVE = YES;
				CLANG_WARN_UNGUARDED_AVAILABILITY = YES_AGGRESSIVE;
				CLANG_WARN_UNREACHABLE_CODE = YES;
				CLANG_WARN__DUPLICATE_METHOD_MATCH = YES;
				COPY_PHASE_STRIP = NO;
				DEBUG_INFORMATION_FORMAT = dwarf;
				ENABLE_STRICT_OBJC_MSGSEND = YES;
				ENABLE_TESTABILITY = YES;
				GCC_C_LANGUAGE_STANDARD = gnu11;
				GCC_DYNAMIC_NO_PIC = NO;
				GCC_NO_COMMON_BLOCKS = YES;
				GCC_OPTIMIZATION_LEVEL = 0;
				GCC_PREPROCESSOR_DEFINITIONS = (
					"DEBUG=1",
					"$(inherited)",
				);
				GCC_WARN_64_TO_32_BIT_CONVERSION = YES;
				GCC_WARN_ABOUT_RETURN_TYPE = YES_ERROR;
				GCC_WARN_UNDECLARED_SELECTOR = YES;
				GCC_WARN_UNINITIALIZED_AUTOS = YES_AGGRESSIVE;
				GCC_WARN_UNUSED_FUNCTION = YES;
				GCC_WARN_UNUSED_VARIABLE = YES;
				HEADER_SEARCH_PATHS = "./**";
				MACOSX_DEPLOYMENT_TARGET = 12.7;
				MTL_ENABLE_DEBUG_INFO = INCLUDE_SOURCE;
				MTL_FAST_MATH = YES;
				ONLY_ACTIVE_ARCH = YES;
				SDKROOT = macosx;
			};
			name = Debug;
		};
		FEC18D232B30E77C007573B4 /* Release */ = {
			isa = XCBuildConfiguration;
			buildSettings = {
				ALWAYS_SEARCH_USER_PATHS = NO;
				CLANG_ANALYZER_NONNULL = YES;
				CLANG_ANALYZER_NUMBER_OBJECT_CONVERSION = YES_AGGRESSIVE;
				CLANG_CXX_LANGUAGE_STANDARD = "gnu++20";
				CLANG_ENABLE_MODULES = YES;
				CLANG_ENABLE_OBJC_ARC = YES;
				CLANG_ENABLE_OBJC_WEAK = YES;
				CLANG_WARN_BLOCK_CAPTURE_AUTORELEASING = YES;
				CLANG_WARN_BOOL_CONVERSION = YES;
				CLANG_WARN_COMMA = YES;
				CLANG_WARN_CONSTANT_CONVERSION = YES;
				CLANG_WARN_DEPRECATED_OBJC_IMPLEMENTATIONS = YES;
				CLANG_WARN_DIRECT_OBJC_ISA_USAGE = YES_ERROR;
				CLANG_WARN_DOCUMENTATION_COMMENTS = YES;
				CLANG_WARN_EMPTY_BODY = YES;
				CLANG_WARN_ENUM_CONVERSION = YES;
				CLANG_WARN_INFINITE_RECURSION = YES;
				CLANG_WARN_INT_CONVERSION = YES;
				CLANG_WARN_NON_LITERAL_NULL_CONVERSION = YES;
				CLANG_WARN_OBJC_IMPLICIT_RETAIN_SELF = YES;
				CLANG_WARN_OBJC_LITERAL_CONVERSION = YES;
				CLANG_WARN_OBJC_ROOT_CLASS = YES_ERROR;
				CLANG_WARN_QUOTED_INCLUDE_IN_FRAMEWORK_HEADER = YES;
				CLANG_WARN_RANGE_LOOP_ANALYSIS = YES;
				CLANG_WARN_STRICT_PROTOTYPES = YES;
				CLANG_WARN_SUSPICIOUS_MOVE = YES;
				CLANG_WARN_UNGUARDED_AVAILABILITY = YES_AGGRESSIVE;
				CLANG_WARN_UNREACHABLE_CODE = YES;
				CLANG_WARN__DUPLICATE_METHOD_MATCH = YES;
				COPY_PHASE_STRIP = NO;
				DEBUG_INFORMATION_FORMAT = "dwarf-with-dsym";
				ENABLE_NS_ASSERTIONS = NO;
				ENABLE_STRICT_OBJC_MSGSEND = YES;
				GCC_C_LANGUAGE_STANDARD = gnu11;
				GCC_NO_COMMON_BLOCKS = YES;
				GCC_WARN_64_TO_32_BIT_CONVERSION = YES;
				GCC_WARN_ABOUT_RETURN_TYPE = YES_ERROR;
				GCC_WARN_UNDECLARED_SELECTOR = YES;
				GCC_WARN_UNINITIALIZED_AUTOS = YES_AGGRESSIVE;
				GCC_WARN_UNUSED_FUNCTION = YES;
				GCC_WARN_UNUSED_VARIABLE = YES;
				HEADER_SEARCH_PATHS = "./**";
				MACOSX_DEPLOYMENT_TARGET = 12.7;
				MTL_ENABLE_DEBUG_INFO = NO;
				MTL_FAST_MATH = YES;
				SDKROOT = macosx;
			};
			name = Release;
		};
		FEC18D252B30E77C007573B4 /* Debug */ = {
			isa = XCBuildConfiguration;
			buildSettings = {
				CODE_SIGN_STYLE = Automatic;
				PRODUCT_NAME = "$(TARGET_NAME)";
			};
			name = Debug;
		};
		FEC18D262B30E77C007573B4 /* Release */ = {
			isa = XCBuildConfiguration;
			buildSettings = {
				CODE_SIGN_STYLE = Automatic;
				PRODUCT_NAME = "$(TARGET_NAME)";
			};
			name = Release;
		};
/* End XCBuildConfiguration section */

/* Begin XCConfigurationList section */
		FEC18D182B30E77C007573B4 /* Build configuration list for PBXProject "AoC2023" */ = {
			isa = XCConfigurationList;
			buildConfigurations = (
				FEC18D222B30E77C007573B4 /* Debug */,
				FEC18D232B30E77C007573B4 /* Release */,
			);
			defaultConfigurationIsVisible = 0;
			defaultConfigurationName = Release;
		};
		FEC18D242B30E77C007573B4 /* Build configuration list for PBXNativeTarget "AoC2023" */ = {
			isa = XCConfigurationList;
			buildConfigurations = (
				FEC18D252B30E77C007573B4 /* Debug */,
				FEC18D262B30E77C007573B4 /* Release */,
			);
			defaultConfigurationIsVisible = 0;
			defaultConfigurationName = Release;
		};
/* End XCConfigurationList section */
	};
	rootObject = FEC18D152B30E77C007573B4 /* Project object */;
}
